
Microsoft Visual Studio Solution File, Format Version 12.00
# Visual Studio Version 17
VisualStudioVersion = 17.8.34316.72
MinimumVisualStudioVersion = 10.0.40219.1
Project("{9A19103F-16F7-4668-BE54-9A1E7A4F7556}") = "NoteApiApplication", "NoteApiApplication\NoteApiApplication.csproj", "{A883141D-28B0-45A2-939B-A0FD1B9996EC}"
EndProject
Project("{FAE04EC0-301F-11D3-BF4B-00C04F79EFBC}") = "NoteApplication.BusinessLogic", "NoteApplication.BusinessLogic\NoteApplication.BusinessLogic.csproj", "{5A95C0A7-D5F0-45D7-9999-256317CFA302}"
EndProject
Project("{FAE04EC0-301F-11D3-BF4B-00C04F79EFBC}") = "NoteApplication.Database", "NoteApplication.Database\NoteApplication.Database.csproj", "{BA7B331A-32D6-4277-8EC6-B9814CDE848F}"
EndProject
Global
	GlobalSection(SolutionConfigurationPlatforms) = preSolution
		Debug|Any CPU = Debug|Any CPU
		Release|Any CPU = Release|Any CPU
	EndGlobalSection
	GlobalSection(ProjectConfigurationPlatforms) = postSolution
		{A883141D-28B0-45A2-939B-A0FD1B9996EC}.Debug|Any CPU.ActiveCfg = Debug|Any CPU
		{A883141D-28B0-45A2-939B-A0FD1B9996EC}.Debug|Any CPU.Build.0 = Debug|Any CPU
		{A883141D-28B0-45A2-939B-A0FD1B9996EC}.Release|Any CPU.ActiveCfg = Release|Any CPU
		{A883141D-28B0-45A2-939B-A0FD1B9996EC}.Release|Any CPU.Build.0 = Release|Any CPU
		{5A95C0A7-D5F0-45D7-9999-256317CFA302}.Debug|Any CPU.ActiveCfg = Debug|Any CPU
		{5A95C0A7-D5F0-45D7-9999-256317CFA302}.Debug|Any CPU.Build.0 = Debug|Any CPU
		{5A95C0A7-D5F0-45D7-9999-256317CFA302}.Release|Any CPU.ActiveCfg = Release|Any CPU
		{5A95C0A7-D5F0-45D7-9999-256317CFA302}.Release|Any CPU.Build.0 = Release|Any CPU
		{BA7B331A-32D6-4277-8EC6-B9814CDE848F}.Debug|Any CPU.ActiveCfg = Debug|Any CPU
		{BA7B331A-32D6-4277-8EC6-B9814CDE848F}.Debug|Any CPU.Build.0 = Debug|Any CPU
		{BA7B331A-32D6-4277-8EC6-B9814CDE848F}.Release|Any CPU.ActiveCfg = Release|Any CPU
		{BA7B331A-32D6-4277-8EC6-B9814CDE848F}.Release|Any CPU.Build.0 = Release|Any CPU
	EndGlobalSection
	GlobalSection(SolutionProperties) = preSolution
		HideSolutionNode = FALSE
	EndGlobalSection
	GlobalSection(ExtensibilityGlobals) = postSolution
		SolutionGuid = {98E4FCAE-91BE-46DD-8819-1788305C388B}
	EndGlobalSection
EndGlobal
